Microsoft Visual Studio Solution File, Format Version 12.00
# Visual Studio Version 17
VisualStudioVersion = 17.13.35931.197
MinimumVisualStudioVersion = 10.0.40219.1
Project("{FAE04EC0-301F-11D3-BF4B-00C04F79EFBC}") = "PRsTicketsListing", "PRsTicketsListing.csproj", "{6320E177-E254-41D8-811B-815FE033AB4D}"
EndProject
Global
	GlobalSection(SolutionConfigurationPlatforms) = preSolution
		Debug|Any CPU = Debug|Any CPU
		Release|Any CPU = Release|Any CPU
	EndGlobalSection
	GlobalSection(ProjectConfigurationPlatforms) = postSolution
		{6320E177-E254-41D8-811B-815FE033AB4D}.Debug|Any CPU.ActiveCfg = Debug|Any CPU
		{6320E177-E254-41D8-811B-815FE033AB4D}.Debug|Any CPU.Build.0 = Debug|Any CPU
		{6320E177-E254-41D8-811B-815FE033AB4D}.Release|Any CPU.ActiveCfg = Release|Any CPU
		{6320E177-E254-41D8-811B-815FE033AB4D}.Release|Any CPU.Build.0 = Release|Any CPU
	EndGlobalSection
	GlobalSection(SolutionProperties) = preSolution
		HideSolutionNode = FALSE
	EndGlobalSection
	GlobalSection(ExtensibilityGlobals) = postSolution
		SolutionGuid = {747702FB-A3AD-47B6-8768-820673D3AAE6}
	EndGlobalSection
EndGlobal
